
Microsoft Visual Studio Solution File, Format Version 12.00
# Visual Studio 15
VisualStudioVersion = 15.0.26730.12
MinimumVisualStudioVersion = 10.0.40219.1
Project("{9A19103F-16F7-4668-BE54-9A1E7A4F7556}") = "AgiltBank", "AgiltBank\AgiltBank.csproj", "{ECE0977C-DECD-432A-82E5-268CC9C5B92C}"
	ProjectSection(ProjectDependencies) = postProject
		{08D0F315-6932-40F5-82E1-B27F82929B81} = {08D0F315-6932-40F5-82E1-B27F82929B81}
	EndProjectSection
EndProject
Project("{9A19103F-16F7-4668-BE54-9A1E7A4F7556}") = "AgiltBankLibrary", "AgiltBankLibrary\AgiltBankLibrary.csproj", "{08D0F315-6932-40F5-82E1-B27F82929B81}"
EndProject
Project("{2150E333-8FDC-42A3-9474-1A3956D46DE8}") = "Solution Items", "Solution Items", "{54488F99-C5AB-43CB-B6D5-232C27A80EC2}"
	ProjectSection(SolutionItems) = preProject
		Arbetsfordelning.txt = Arbetsfordelning.txt
	EndProjectSection
EndProject
Project("{9A19103F-16F7-4668-BE54-9A1E7A4F7556}") = "AgiltBank.Test", "AgiltBank.Test\AgiltBank.Test.csproj", "{3D49A511-54AC-4DF1-830D-8DDA872B282A}"
EndProject
Project("{2150E333-8FDC-42A3-9474-1A3956D46DE8}") = "data", "data", "{CB916ED9-8079-4842-95E3-F83093BFBA8A}"
	ProjectSection(SolutionItems) = preProject
		..\..\..\..\source\repos\ALM_Tenta2\ALM_Tenta\wwwroot\data\bankdata-small.txt = ..\..\..\..\source\repos\ALM_Tenta2\ALM_Tenta\wwwroot\data\bankdata-small.txt
		..\..\..\..\source\repos\ALM_Tenta2\ALM_Tenta\wwwroot\data\bankdata.txt = ..\..\..\..\source\repos\ALM_Tenta2\ALM_Tenta\wwwroot\data\bankdata.txt
	EndProjectSection
EndProject
Global
	GlobalSection(SolutionConfigurationPlatforms) = preSolution
		Debug|Any CPU = Debug|Any CPU
		Release|Any CPU = Release|Any CPU
	EndGlobalSection
	GlobalSection(ProjectConfigurationPlatforms) = postSolution
		{ECE0977C-DECD-432A-82E5-268CC9C5B92C}.Debug|Any CPU.ActiveCfg = Debug|Any CPU
		{ECE0977C-DECD-432A-82E5-268CC9C5B92C}.Debug|Any CPU.Build.0 = Debug|Any CPU
		{ECE0977C-DECD-432A-82E5-268CC9C5B92C}.Release|Any CPU.ActiveCfg = Release|Any CPU
		{ECE0977C-DECD-432A-82E5-268CC9C5B92C}.Release|Any CPU.Build.0 = Release|Any CPU
		{08D0F315-6932-40F5-82E1-B27F82929B81}.Debug|Any CPU.ActiveCfg = Debug|Any CPU
		{08D0F315-6932-40F5-82E1-B27F82929B81}.Debug|Any CPU.Build.0 = Debug|Any CPU
		{08D0F315-6932-40F5-82E1-B27F82929B81}.Release|Any CPU.ActiveCfg = Release|Any CPU
		{08D0F315-6932-40F5-82E1-B27F82929B81}.Release|Any CPU.Build.0 = Release|Any CPU
		{3D49A511-54AC-4DF1-830D-8DDA872B282A}.Debug|Any CPU.ActiveCfg = Debug|Any CPU
		{3D49A511-54AC-4DF1-830D-8DDA872B282A}.Debug|Any CPU.Build.0 = Debug|Any CPU
		{3D49A511-54AC-4DF1-830D-8DDA872B282A}.Release|Any CPU.ActiveCfg = Release|Any CPU
		{3D49A511-54AC-4DF1-830D-8DDA872B282A}.Release|Any CPU.Build.0 = Release|Any CPU
	EndGlobalSection
	GlobalSection(SolutionProperties) = preSolution
		HideSolutionNode = FALSE
	EndGlobalSection
	GlobalSection(ExtensibilityGlobals) = postSolution
		SolutionGuid = {83AA36C0-FED3-4B30-8B61-7EF90E3ACE60}
	EndGlobalSection
EndGlobal
